
Microsoft Visual Studio Solution File, Format Version 12.00
# Visual Studio Version 16
VisualStudioVersion = 16.0.30114.105
MinimumVisualStudioVersion = 10.0.40219.1
Project("{FAE04EC0-301F-11D3-BF4B-00C04F79EFBC}") = "Demo", "Demo\Demo.csproj", "{03795ADE-4B91-47B4-8E73-334AD30E5157}"
EndProject
Global
	GlobalSection(SolutionConfigurationPlatforms) = preSolution
		Debug|Any CPU = Debug|Any CPU
		Release|Any CPU = Release|Any CPU
	EndGlobalSection
	GlobalSection(ProjectConfigurationPlatforms) = postSolution
		{03795ADE-4B91-47B4-8E73-334AD30E5157}.Debug|Any CPU.ActiveCfg = Debug|Any CPU
		{03795ADE-4B91-47B4-8E73-334AD30E5157}.Debug|Any CPU.Build.0 = Debug|Any CPU
		{03795ADE-4B91-47B4-8E73-334AD30E5157}.Release|Any CPU.ActiveCfg = Release|Any CPU
		{03795ADE-4B91-47B4-8E73-334AD30E5157}.Release|Any CPU.Build.0 = Release|Any CPU
	EndGlobalSection
	GlobalSection(SolutionProperties) = preSolution
		HideSolutionNode = FALSE
	EndGlobalSection
	GlobalSection(ExtensibilityGlobals) = postSolution
		SolutionGuid = {88867C8D-8A3E-4378-994A-23382F82B9AE}
	EndGlobalSection
EndGlobal
